// !$*UTF8*$!
{
	archiveVersion = 1;
	classes = {
	};
	objectVersion = 46;
	objects = {

/* Begin PBXBuildFile section */
		1C07D16A1EA8E216002E88D6 /* ViewControllerTests.m in Sources */ = {isa = PBXBuildFile; fileRef = 1C07D1691EA8E216002E88D6 /* ViewControllerTests.m */; };
		1C07D16B1EA8E22B002E88D6 /* NMAKit.framework in Frameworks */ = {isa = PBXBuildFile; fileRef = 1CCE15C81E9BD70900B62D82 /* NMAKit.framework */; };
		1C07D16C1EA8E22E002E88D6 /* NMABundle.bundle in Resources */ = {isa = PBXBuildFile; fileRef = 1CCE15CA1E9BD71200B62D82 /* NMABundle.bundle */; };
		1C354F201EAA174C00DC27CC /* Constants.m in Sources */ = {isa = PBXBuildFile; fileRef = 1C354F1F1EAA174C00DC27CC /* Constants.m */; };
		1CCE15B81E9BD52200B62D82 /* libc++.tbd in Frameworks */ = {isa = PBXBuildFile; fileRef = 1CCE15B71E9BD52200B62D82 /* libc++.tbd */; };
		1CCE15BA1E9BD53000B62D82 /* libsqlite3.tbd in Frameworks */ = {isa = PBXBuildFile; fileRef = 1CCE15B91E9BD53000B62D82 /* libsqlite3.tbd */; };
		1CCE15BC1E9BD53B00B62D82 /* libz.1.2.5.tbd in Frameworks */ = {isa = PBXBuildFile; fileRef = 1CCE15BB1E9BD53B00B62D82 /* libz.1.2.5.tbd */; };
		1CCE15BE1E9BD54600B62D82 /* GLKit.framework in Frameworks */ = {isa = PBXBuildFile; fileRef = 1CCE15BD1E9BD54600B62D82 /* GLKit.framework */; };
		1CCE15C01E9BD54E00B62D82 /* SystemConfiguration.framework in Frameworks */ = {isa = PBXBuildFile; fileRef = 1CCE15BF1E9BD54E00B62D82 /* SystemConfiguration.framework */; };
		1CCE15C91E9BD70900B62D82 /* NMAKit.framework in Frameworks */ = {isa = PBXBuildFile; fileRef = 1CCE15C81E9BD70900B62D82 /* NMAKit.framework */; };
		1CCE15CB1E9BD71200B62D82 /* NMABundle.bundle in Resources */ = {isa = PBXBuildFile; fileRef = 1CCE15CA1E9BD71200B62D82 /* NMABundle.bundle */; };
		1F19A78D1D00A9DF00177D67 /* main.m in Sources */ = {isa = PBXBuildFile; fileRef = 1F19A78C1D00A9DF00177D67 /* main.m */; };
		1F19A7901D00A9DF00177D67 /* AppDelegate.m in Sources */ = {isa = PBXBuildFile; fileRef = 1F19A78F1D00A9DF00177D67 /* AppDelegate.m */; };
		1F19A7931D00A9DF00177D67 /* ViewController.m in Sources */ = {isa = PBXBuildFile; fileRef = 1F19A7921D00A9DF00177D67 /* ViewController.m */; };
		1F19A7961D00A9DF00177D67 /* Main.storyboard in Resources */ = {isa = PBXBuildFile; fileRef = 1F19A7941D00A9DF00177D67 /* Main.storyboard */; };
		1F19A79B1D00A9DF00177D67 /* LaunchScreen.storyboard in Resources */ = {isa = PBXBuildFile; fileRef = 1F19A7991D00A9DF00177D67 /* LaunchScreen.storyboard */; };
		1F19A7B01D00D96E00177D67 /* VenueMapTileLayer.m in Sources */ = {isa = PBXBuildFile; fileRef = 1F19A7AF1D00D96E00177D67 /* VenueMapTileLayer.m */; };
		1F19A7B61D01F66E00177D67 /* VenueService.m in Sources */ = {isa = PBXBuildFile; fileRef = 1F19A7B51D01F66E00177D67 /* VenueService.m */; };
		1F19A7B91D0F4ACF00177D67 /* SearchViewController.m in Sources */ = {isa = PBXBuildFile; fileRef = 1F19A7B81D0F4ACF00177D67 /* SearchViewController.m */; };
		416A4E1306D483CE7D916E90 /* Pods_OnDemandPassengerTests.framework in Frameworks */ = {isa = PBXBuildFile; fileRef = AA6C2B5E9F2059C75E9DAEA6 /* Pods_OnDemandPassengerTests.framework */; };
/* End PBXBuildFile section */

/* Begin PBXContainerItemProxy section */
		1C07D1641EA8E034002E88D6 /* PBXContainerItemProxy */ = {
			isa = PBXContainerItemProxy;
			containerPortal = 1F19A7801D00A9DE00177D67 /* Project object */;
			proxyType = 1;
			remoteGlobalIDString = 1F19A7871D00A9DE00177D67;
			remoteInfo = OnDemandPassenger;
		};
/* End PBXContainerItemProxy section */

/* Begin PBXCopyFilesBuildPhase section */
		1CCE15C41E9BD5FA00B62D82 /* Embed Frameworks */ = {
			isa = PBXCopyFilesBuildPhase;
			buildActionMask = 2147483647;
			dstPath = "";
			dstSubfolderSpec = 10;
			files = (
			);
			name = "Embed Frameworks";
			runOnlyForDeploymentPostprocessing = 0;
		};
/* End PBXCopyFilesBuildPhase section */

/* Begin PBXFileReference section */
		1C07D15F1EA8E034002E88D6 /* OnDemandPassengerTests.xctest */ = {isa = PBXFileReference; explicitFileType = wrapper.cfbundle; includeInIndex = 0; path = OnDemandPassengerTests.xctest; sourceTree = BUILT_PRODUCTS_DIR; };
		1C07D1631EA8E034002E88D6 /* Info.plist */ = {isa = PBXFileReference; lastKnownFileType = text.plist.xml; path = Info.plist; sourceTree = "<group>"; };
		1C07D1691EA8E216002E88D6 /* ViewControllerTests.m */ = {isa = PBXFileReference; fileEncoding = 4; lastKnownFileType = sourcecode.c.objc; path = ViewControllerTests.m; sourceTree = "<group>"; };
		1C354F1E1EAA174C00DC27CC /* Constants.h */ = {isa = PBXFileReference; fileEncoding = 4; lastKnownFileType = sourcecode.c.h; path = Constants.h; sourceTree = "<group>"; };
		1C354F1F1EAA174C00DC27CC /* Constants.m */ = {isa = PBXFileReference; fileEncoding = 4; lastKnownFileType = sourcecode.c.objc; path = Constants.m; sourceTree = "<group>"; };
		1CCE15B71E9BD52200B62D82 /* libc++.tbd */ = {isa = PBXFileReference; lastKnownFileType = "sourcecode.text-based-dylib-definition"; name = "libc++.tbd"; path = "usr/lib/libc++.tbd"; sourceTree = SDKROOT; };
		1CCE15B91E9BD53000B62D82 /* libsqlite3.tbd */ = {isa = PBXFileReference; lastKnownFileType = "sourcecode.text-based-dylib-definition"; name = libsqlite3.tbd; path = usr/lib/libsqlite3.tbd; sourceTree = SDKROOT; };
		1CCE15BB1E9BD53B00B62D82 /* libz.1.2.5.tbd */ = {isa = PBXFileReference; lastKnownFileType = "sourcecode.text-based-dylib-definition"; name = libz.1.2.5.tbd; path = usr/lib/libz.1.2.5.tbd; sourceTree = SDKROOT; };
		1CCE15BD1E9BD54600B62D82 /* GLKit.framework */ = {isa = PBXFileReference; lastKnownFileType = wrapper.framework; name = GLKit.framework; path = System/Library/Frameworks/GLKit.framework; sourceTree = SDKROOT; };
		1CCE15BF1E9BD54E00B62D82 /* SystemConfiguration.framework */ = {isa = PBXFileReference; lastKnownFileType = wrapper.framework; name = SystemConfiguration.framework; path = System/Library/Frameworks/SystemConfiguration.framework; sourceTree = SDKROOT; };
		1CCE15C81E9BD70900B62D82 /* NMAKit.framework */ = {isa = PBXFileReference; lastKnownFileType = wrapper.framework; path = NMAKit.framework; sourceTree = "<group>"; };
		1CCE15CA1E9BD71200B62D82 /* NMABundle.bundle */ = {isa = PBXFileReference; lastKnownFileType = "wrapper.plug-in"; name = NMABundle.bundle; path = NMAKit.framework/Resources/NMABundle.bundle; sourceTree = "<group>"; };
		1F19A7881D00A9DE00177D67 /* OnDemandPassenger.app */ = {isa = PBXFileReference; explicitFileType = wrapper.application; includeInIndex = 0; path = OnDemandPassenger.app; sourceTree = BUILT_PRODUCTS_DIR; };
		1F19A78C1D00A9DF00177D67 /* main.m */ = {isa = PBXFileReference; lastKnownFileType = sourcecode.c.objc; path = main.m; sourceTree = "<group>"; };
		1F19A78E1D00A9DF00177D67 /* AppDelegate.h */ = {isa = PBXFileReference; lastKnownFileType = sourcecode.c.h; path = AppDelegate.h; sourceTree = "<group>"; };
		1F19A78F1D00A9DF00177D67 /* AppDelegate.m */ = {isa = PBXFileReference; lastKnownFileType = sourcecode.c.objc; path = AppDelegate.m; sourceTree = "<group>"; };
		1F19A7911D00A9DF00177D67 /* ViewController.h */ = {isa = PBXFileReference; lastKnownFileType = sourcecode.c.h; path = ViewController.h; sourceTree = "<group>"; };
		1F19A7921D00A9DF00177D67 /* ViewController.m */ = {isa = PBXFileReference; lastKnownFileType = sourcecode.c.objc; path = ViewController.m; sourceTree = "<group>"; };
		1F19A7951D00A9DF00177D67 /* Base */ = {isa = PBXFileReference; lastKnownFileType = file.storyboard; name = Base; path = Base.lproj/Main.storyboard; sourceTree = "<group>"; };
		1F19A79A1D00A9DF00177D67 /* Base */ = {isa = PBXFileReference; lastKnownFileType = file.storyboard; name = Base; path = Base.lproj/LaunchScreen.storyboard; sourceTree = "<group>"; };
		1F19A79C1D00A9DF00177D67 /* Info.plist */ = {isa = PBXFileReference; lastKnownFileType = text.plist.xml; path = Info.plist; sourceTree = "<group>"; };
		1F19A7AE1D00D96E00177D67 /* VenueMapTileLayer.h */ = {isa = PBXFileReference; fileEncoding = 4; lastKnownFileType = sourcecode.c.h; path = VenueMapTileLayer.h; sourceTree = "<group>"; };
		1F19A7AF1D00D96E00177D67 /* VenueMapTileLayer.m */ = {isa = PBXFileReference; fileEncoding = 4; lastKnownFileType = sourcecode.c.objc; path = VenueMapTileLayer.m; sourceTree = "<group>"; };
		1F19A7B41D01F66E00177D67 /* VenueService.h */ = {isa = PBXFileReference; fileEncoding = 4; lastKnownFileType = sourcecode.c.h; path = VenueService.h; sourceTree = "<group>"; };
		1F19A7B51D01F66E00177D67 /* VenueService.m */ = {isa = PBXFileReference; fileEncoding = 4; lastKnownFileType = sourcecode.c.objc; path = VenueService.m; sourceTree = "<group>"; };
		1F19A7B71D0F4ACF00177D67 /* SearchViewController.h */ = {isa = PBXFileReference; fileEncoding = 4; lastKnownFileType = sourcecode.c.h; path = SearchViewController.h; sourceTree = "<group>"; };
		1F19A7B81D0F4ACF00177D67 /* SearchViewController.m */ = {isa = PBXFileReference; fileEncoding = 4; lastKnownFileType = sourcecode.c.objc; path = SearchViewController.m; sourceTree = "<group>"; };
		2C1B40D1528DC472C8E893A5 /* Pods-OnDemandPassengerTests.release.xcconfig */ = {isa = PBXFileReference; includeInIndex = 1; lastKnownFileType = text.xcconfig; name = "Pods-OnDemandPassengerTests.release.xcconfig"; path = "Pods/Target Support Files/Pods-OnDemandPassengerTests/Pods-OnDemandPassengerTests.release.xcconfig"; sourceTree = "<group>"; };
		91A2A30C4939160D2E6BBB74 /* Pods_OnDemandPassenger.framework */ = {isa = PBXFileReference; explicitFileType = wrapper.framework; includeInIndex = 0; path = Pods_OnDemandPassenger.framework; sourceTree = BUILT_PRODUCTS_DIR; };
		AA6C2B5E9F2059C75E9DAEA6 /* Pods_OnDemandPassengerTests.framework */ = {isa = PBXFileReference; explicitFileType = wrapper.framework; includeInIndex = 0; path = Pods_OnDemandPassengerTests.framework; sourceTree = BUILT_PRODUCTS_DIR; };
		BD4A27E281FB96F7703F3FF0 /* Pods-OnDemandPassengerTests.debug.xcconfig */ = {isa = PBXFileReference; includeInIndex = 1; lastKnownFileType = text.xcconfig; name = "Pods-OnDemandPassengerTests.debug.xcconfig"; path = "Pods/Target Support Files/Pods-OnDemandPassengerTests/Pods-OnDemandPassengerTests.debug.xcconfig"; sourceTree = "<group>"; };
/* End PBXFileReference section */

/* Begin PBXFrameworksBuildPhase section */
		1C07D15C1EA8E034002E88D6 /* Frameworks */ = {
			isa = PBXFrameworksBuildPhase;
			buildActionMask = 2147483647;
			files = (
				1C07D16B1EA8E22B002E88D6 /* NMAKit.framework in Frameworks */,
				416A4E1306D483CE7D916E90 /* Pods_OnDemandPassengerTests.framework in Frameworks */,
			);
			runOnlyForDeploymentPostprocessing = 0;
		};
		1F19A7851D00A9DE00177D67 /* Frameworks */ = {
			isa = PBXFrameworksBuildPhase;
			buildActionMask = 2147483647;
			files = (
				1CCE15C91E9BD70900B62D82 /* NMAKit.framework in Frameworks */,
				1CCE15C01E9BD54E00B62D82 /* SystemConfiguration.framework in Frameworks */,
				1CCE15BE1E9BD54600B62D82 /* GLKit.framework in Frameworks */,
				1CCE15BC1E9BD53B00B62D82 /* libz.1.2.5.tbd in Frameworks */,
				1CCE15BA1E9BD53000B62D82 /* libsqlite3.tbd in Frameworks */,
				1CCE15B81E9BD52200B62D82 /* libc++.tbd in Frameworks */,
			);
			runOnlyForDeploymentPostprocessing = 0;
		};
/* End PBXFrameworksBuildPhase section */

/* Begin PBXGroup section */
		1C07D1601EA8E034002E88D6 /* OnDemandPassengerTests */ = {
			isa = PBXGroup;
			children = (
				1C07D1631EA8E034002E88D6 /* Info.plist */,
				1C07D1691EA8E216002E88D6 /* ViewControllerTests.m */,
			);
			path = OnDemandPassengerTests;
			sourceTree = "<group>";
		};
		1CCE15B61E9BD52200B62D82 /* Frameworks */ = {
			isa = PBXGroup;
			children = (
				1CCE15BF1E9BD54E00B62D82 /* SystemConfiguration.framework */,
				1CCE15BD1E9BD54600B62D82 /* GLKit.framework */,
				1CCE15BB1E9BD53B00B62D82 /* libz.1.2.5.tbd */,
				1CCE15B91E9BD53000B62D82 /* libsqlite3.tbd */,
				1CCE15B71E9BD52200B62D82 /* libc++.tbd */,
				91A2A30C4939160D2E6BBB74 /* Pods_OnDemandPassenger.framework */,
				AA6C2B5E9F2059C75E9DAEA6 /* Pods_OnDemandPassengerTests.framework */,
			);
			name = Frameworks;
			sourceTree = "<group>";
		};
		1F19A77F1D00A9DE00177D67 = {
			isa = PBXGroup;
			children = (
				1CCE15CA1E9BD71200B62D82 /* NMABundle.bundle */,
				1CCE15C81E9BD70900B62D82 /* NMAKit.framework */,
				1F19A78A1D00A9DF00177D67 /* OnDemandPassenger */,
				1C07D1601EA8E034002E88D6 /* OnDemandPassengerTests */,
				1F19A7891D00A9DE00177D67 /* Products */,
				1CCE15B61E9BD52200B62D82 /* Frameworks */,
				E093C612A27751E1B3120D81 /* Pods */,
			);
			sourceTree = "<group>";
		};
		1F19A7891D00A9DE00177D67 /* Products */ = {
			isa = PBXGroup;
			children = (
				1F19A7881D00A9DE00177D67 /* OnDemandPassenger.app */,
				1C07D15F1EA8E034002E88D6 /* OnDemandPassengerTests.xctest */,
			);
			name = Products;
			sourceTree = "<group>";
		};
		1F19A78A1D00A9DF00177D67 /* OnDemandPassenger */ = {
			isa = PBXGroup;
			children = (
				1F19A78E1D00A9DF00177D67 /* AppDelegate.h */,
				1F19A78F1D00A9DF00177D67 /* AppDelegate.m */,
				1F19A7B71D0F4ACF00177D67 /* SearchViewController.h */,
				1F19A7B81D0F4ACF00177D67 /* SearchViewController.m */,
				1F19A7911D00A9DF00177D67 /* ViewController.h */,
				1F19A7921D00A9DF00177D67 /* ViewController.m */,
				1F19A7B41D01F66E00177D67 /* VenueService.h */,
				1F19A7B51D01F66E00177D67 /* VenueService.m */,
				1F19A7AE1D00D96E00177D67 /* VenueMapTileLayer.h */,
				1F19A7AF1D00D96E00177D67 /* VenueMapTileLayer.m */,
				1C354F1E1EAA174C00DC27CC /* Constants.h */,
				1C354F1F1EAA174C00DC27CC /* Constants.m */,
				1F19A7941D00A9DF00177D67 /* Main.storyboard */,
				1F19A7991D00A9DF00177D67 /* LaunchScreen.storyboard */,
				1F19A79C1D00A9DF00177D67 /* Info.plist */,
				1F19A78B1D00A9DF00177D67 /* Supporting Files */,
			);
			path = OnDemandPassenger;
			sourceTree = "<group>";
		};
		1F19A78B1D00A9DF00177D67 /* Supporting Files */ = {
			isa = PBXGroup;
			children = (
				1F19A78C1D00A9DF00177D67 /* main.m */,
			);
			name = "Supporting Files";
			sourceTree = "<group>";
		};
		E093C612A27751E1B3120D81 /* Pods */ = {
			isa = PBXGroup;
			children = (
				BD4A27E281FB96F7703F3FF0 /* Pods-OnDemandPassengerTests.debug.xcconfig */,
				2C1B40D1528DC472C8E893A5 /* Pods-OnDemandPassengerTests.release.xcconfig */,
			);
			name = Pods;
			sourceTree = "<group>";
		};
/* End PBXGroup section */

/* Begin PBXNativeTarget section */
		1C07D15E1EA8E034002E88D6 /* OnDemandPassengerTests */ = {
			isa = PBXNativeTarget;
			buildConfigurationList = 1C07D1681EA8E034002E88D6 /* Build configuration list for PBXNativeTarget "OnDemandPassengerTests" */;
			buildPhases = (
				990250BF82DD6E2FBCDBB29D /* [CP] Check Pods Manifest.lock */,
				1C07D15B1EA8E034002E88D6 /* Sources */,
				1C07D15C1EA8E034002E88D6 /* Frameworks */,
				1C07D15D1EA8E034002E88D6 /* Resources */,
				154E70C9477AA3EB1E811439 /* [CP] Embed Pods Frameworks */,
				14B00D1A5E35E228599C8C73 /* [CP] Copy Pods Resources */,
			);
			buildRules = (
			);
			dependencies = (
				1C07D1651EA8E034002E88D6 /* PBXTargetDependency */,
			);
			name = OnDemandPassengerTests;
			productName = OnDemandPassengerTests;
			productReference = 1C07D15F1EA8E034002E88D6 /* OnDemandPassengerTests.xctest */;
			productType = "com.apple.product-type.bundle.unit-test";
		};
		1F19A7871D00A9DE00177D67 /* OnDemandPassenger */ = {
			isa = PBXNativeTarget;
			buildConfigurationList = 1F19A79F1D00A9DF00177D67 /* Build configuration list for PBXNativeTarget "OnDemandPassenger" */;
			buildPhases = (
				1F19A7841D00A9DE00177D67 /* Sources */,
				1F19A7851D00A9DE00177D67 /* Frameworks */,
				1F19A7861D00A9DE00177D67 /* Resources */,
				1CCE15C41E9BD5FA00B62D82 /* Embed Frameworks */,
			);
			buildRules = (
			);
			dependencies = (
			);
			name = OnDemandPassenger;
			productName = OnDemandPassenger;
			productReference = 1F19A7881D00A9DE00177D67 /* OnDemandPassenger.app */;
			productType = "com.apple.product-type.application";
		};
/* End PBXNativeTarget section */

/* Begin PBXProject section */
		1F19A7801D00A9DE00177D67 /* Project object */ = {
			isa = PBXProject;
			attributes = {
				LastUpgradeCheck = 0730;
				ORGANIZATIONNAME = HERE;
				TargetAttributes = {
					1C07D15E1EA8E034002E88D6 = {
						CreatedOnToolsVersion = 8.3.1;
						ProvisioningStyle = Automatic;
						TestTargetID = 1F19A7871D00A9DE00177D67;
					};
					1F19A7871D00A9DE00177D67 = {
						CreatedOnToolsVersion = 7.3.1;
						ProvisioningStyle = Automatic;
					};
				};
			};
			buildConfigurationList = 1F19A7831D00A9DE00177D67 /* Build configuration list for PBXProject "OnDemandPassenger" */;
			compatibilityVersion = "Xcode 3.2";
			developmentRegion = English;
			hasScannedForEncodings = 0;
			knownRegions = (
				en,
				Base,
			);
			mainGroup = 1F19A77F1D00A9DE00177D67;
			productRefGroup = 1F19A7891D00A9DE00177D67 /* Products */;
			projectDirPath = "";
			projectRoot = "";
			targets = (
				1F19A7871D00A9DE00177D67 /* OnDemandPassenger */,
				1C07D15E1EA8E034002E88D6 /* OnDemandPassengerTests */,
			);
		};
/* End PBXProject section */

/* Begin PBXResourcesBuildPhase section */
		1C07D15D1EA8E034002E88D6 /* Resources */ = {
			isa = PBXResourcesBuildPhase;
			buildActionMask = 2147483647;
			files = (
				1C07D16C1EA8E22E002E88D6 /* NMABundle.bundle in Resources */,
			);
			runOnlyForDeploymentPostprocessing = 0;
		};
		1F19A7861D00A9DE00177D67 /* Resources */ = {
			isa = PBXResourcesBuildPhase;
			buildActionMask = 2147483647;
			files = (
				1F19A79B1D00A9DF00177D67 /* LaunchScreen.storyboard in Resources */,
				1F19A7961D00A9DF00177D67 /* Main.storyboard in Resources */,
				1CCE15CB1E9BD71200B62D82 /* NMABundle.bundle in Resources */,
			);
			runOnlyForDeploymentPostprocessing = 0;
		};
/* End PBXResourcesBuildPhase section */

/* Begin PBXShellScriptBuildPhase section */
		14B00D1A5E35E228599C8C73 /* [CP] Copy Pods Resources */ = {
			isa = PBXShellScriptBuildPhase;
			buildActionMask = 2147483647;
			files = (
			);
			inputPaths = (
			);
			name = "[CP] Copy Pods Resources";
			outputPaths = (
			);
			runOnlyForDeploymentPostprocessing = 0;
			shellPath = /bin/sh;
			shellScript = "\"${SRCROOT}/Pods/Target Support Files/Pods-OnDemandPassengerTests/Pods-OnDemandPassengerTests-resources.sh\"\n";
			showEnvVarsInLog = 0;
		};
		154E70C9477AA3EB1E811439 /* [CP] Embed Pods Frameworks */ = {
			isa = PBXShellScriptBuildPhase;
			buildActionMask = 2147483647;
			files = (
			);
			inputPaths = (
			);
			name = "[CP] Embed Pods Frameworks";
			outputPaths = (
			);
			runOnlyForDeploymentPostprocessing = 0;
			shellPath = /bin/sh;
			shellScript = "\"${SRCROOT}/Pods/Target Support Files/Pods-OnDemandPassengerTests/Pods-OnDemandPassengerTests-frameworks.sh\"\n";
			showEnvVarsInLog = 0;
		};
		990250BF82DD6E2FBCDBB29D /* [CP] Check Pods Manifest.lock */ = {
			isa = PBXShellScriptBuildPhase;
			buildActionMask = 2147483647;
			files = (
			);
			inputPaths = (
			);
			name = "[CP] Check Pods Manifest.lock";
			outputPaths = (
			);
			runOnlyForDeploymentPostprocessing = 0;
			shellPath = /bin/sh;
			shellScript = "diff \"${PODS_PODFILE_DIR_PATH}/Podfile.lock\" \"${PODS_ROOT}/Manifest.lock\" > /dev/null\nif [ $? != 0 ] ; then\n    # print error to STDERR\n    echo \"error: The sandbox is not in sync with the Podfile.lock. Run 'pod install' or update your CocoaPods installation.\" >&2\n    exit 1\nfi\n";
			showEnvVarsInLog = 0;
		};
/* End PBXShellScriptBuildPhase section */

/* Begin PBXSourcesBuildPhase section */
		1C07D15B1EA8E034002E88D6 /* Sources */ = {
			isa = PBXSourcesBuildPhase;
			buildActionMask = 2147483647;
			files = (
				1C07D16A1EA8E216002E88D6 /* ViewControllerTests.m in Sources */,
			);
			runOnlyForDeploymentPostprocessing = 0;
		};
		1F19A7841D00A9DE00177D67 /* Sources */ = {
			isa = PBXSourcesBuildPhase;
			buildActionMask = 2147483647;
			files = (
				1F19A7931D00A9DF00177D67 /* ViewController.m in Sources */,
				1F19A7901D00A9DF00177D67 /* AppDelegate.m in Sources */,
				1C354F201EAA174C00DC27CC /* Constants.m in Sources */,
				1F19A7B01D00D96E00177D67 /* VenueMapTileLayer.m in Sources */,
				1F19A78D1D00A9DF00177D67 /* main.m in Sources */,
				1F19A7B61D01F66E00177D67 /* VenueService.m in Sources */,
				1F19A7B91D0F4ACF00177D67 /* SearchViewController.m in Sources */,
			);
			runOnlyForDeploymentPostprocessing = 0;
		};
/* End PBXSourcesBuildPhase section */

/* Begin PBXTargetDependency section */
		1C07D1651EA8E034002E88D6 /* PBXTargetDependency */ = {
			isa = PBXTargetDependency;
			target = 1F19A7871D00A9DE00177D67 /* OnDemandPassenger */;
			targetProxy = 1C07D1641EA8E034002E88D6 /* PBXContainerItemProxy */;
		};
/* End PBXTargetDependency section */

/* Begin PBXVariantGroup section */
		1F19A7941D00A9DF00177D67 /* Main.storyboard */ = {
			isa = PBXVariantGroup;
			children = (
				1F19A7951D00A9DF00177D67 /* Base */,
			);
			name = Main.storyboard;
			sourceTree = "<group>";
		};
		1F19A7991D00A9DF00177D67 /* LaunchScreen.storyboard */ = {
			isa = PBXVariantGroup;
			children = (
				1F19A79A1D00A9DF00177D67 /* Base */,
			);
			name = LaunchScreen.storyboard;
			sourceTree = "<group>";
		};
/* End PBXVariantGroup section */

/* Begin XCBuildConfiguration section */
		1C07D1661EA8E034002E88D6 /* Debug */ = {
			isa = XCBuildConfiguration;
			baseConfigurationReference = BD4A27E281FB96F7703F3FF0 /* Pods-OnDemandPassengerTests.debug.xcconfig */;
			buildSettings = {
				BUNDLE_LOADER = "$(TEST_HOST)";
				CLANG_ANALYZER_NUMBER_OBJECT_CONVERSION = YES_AGGRESSIVE;
				CLANG_WARN_DOCUMENTATION_COMMENTS = YES;
				CLANG_WARN_INFINITE_RECURSION = YES;
				CLANG_WARN_SUSPICIOUS_MOVE = YES;
				FRAMEWORK_SEARCH_PATHS = (
					"$(inherited)",
					"$(PROJECT_DIR)",
				);
				INFOPLIST_FILE = OnDemandPassengerTests/Info.plist;
				IPHONEOS_DEPLOYMENT_TARGET = 10.3;
				LD_RUNPATH_SEARCH_PATHS = "$(inherited) @executable_path/Frameworks @loader_path/Frameworks";
				PRODUCT_BUNDLE_IDENTIFIER = com.here.OnDemandPassengerTests;
				PRODUCT_NAME = "$(TARGET_NAME)";
				TEST_HOST = "$(BUILT_PRODUCTS_DIR)/OnDemandPassenger.app/OnDemandPassenger";
			};
			name = Debug;
		};
		1C07D1671EA8E034002E88D6 /* Release */ = {
			isa = XCBuildConfiguration;
			baseConfigurationReference = 2C1B40D1528DC472C8E893A5 /* Pods-OnDemandPassengerTests.release.xcconfig */;
			buildSettings = {
				BUNDLE_LOADER = "$(TEST_HOST)";
				CLANG_ANALYZER_NUMBER_OBJECT_CONVERSION = YES_AGGRESSIVE;
				CLANG_WARN_DOCUMENTATION_COMMENTS = YES;
				CLANG_WARN_INFINITE_RECURSION = YES;
				CLANG_WARN_SUSPICIOUS_MOVE = YES;
				FRAMEWORK_SEARCH_PATHS = (
					"$(inherited)",
					"$(PROJECT_DIR)",
				);
				INFOPLIST_FILE = OnDemandPassengerTests/Info.plist;
				IPHONEOS_DEPLOYMENT_TARGET = 10.3;
				LD_RUNPATH_SEARCH_PATHS = "$(inherited) @executable_path/Frameworks @loader_path/Frameworks";
				PRODUCT_BUNDLE_IDENTIFIER = com.here.OnDemandPassengerTests;
				PRODUCT_NAME = "$(TARGET_NAME)";
				TEST_HOST = "$(BUILT_PRODUCTS_DIR)/OnDemandPassenger.app/OnDemandPassenger";
			};
			name = Release;
		};
		1F19A79D1D00A9DF00177D67 /* Debug */ = {
			isa = XCBuildConfiguration;
			buildSettings = {
				ALWAYS_SEARCH_USER_PATHS = NO;
				CLANG_ANALYZER_NONNULL = YES;
				CLANG_CXX_LANGUAGE_STANDARD = "gnu++0x";
				CLANG_CXX_LIBRARY = "libc++";
				CLANG_ENABLE_MODULES = YES;
				CLANG_ENABLE_OBJC_ARC = YES;
				CLANG_WARN_BOOL_CONVERSION = YES;
				CLANG_WARN_CONSTANT_CONVERSION = YES;
				CLANG_WARN_DIRECT_OBJC_ISA_USAGE = YES_ERROR;
				CLANG_WARN_EMPTY_BODY = YES;
				CLANG_WARN_ENUM_CONVERSION = YES;
				CLANG_WARN_INT_CONVERSION = YES;
				CLANG_WARN_OBJC_ROOT_CLASS = YES_ERROR;
				CLANG_WARN_UNREACHABLE_CODE = YES;
				CLANG_WARN__DUPLICATE_METHOD_MATCH = YES;
				"CODE_SIGN_IDENTITY[sdk=iphoneos*]" = "iPhone Developer";
				COPY_PHASE_STRIP = NO;
				DEBUG_INFORMATION_FORMAT = dwarf;
				ENABLE_STRICT_OBJC_MSGSEND = YES;
				ENABLE_TESTABILITY = YES;
				GCC_C_LANGUAGE_STANDARD = gnu99;
				GCC_DYNAMIC_NO_PIC = NO;
				GCC_NO_COMMON_BLOCKS = YES;
				GCC_OPTIMIZATION_LEVEL = 0;
				GCC_PREPROCESSOR_DEFINITIONS = (
					"DEBUG=1",
					"$(inherited)",
				);
				GCC_WARN_64_TO_32_BIT_CONVERSION = YES;
				GCC_WARN_ABOUT_RETURN_TYPE = YES_ERROR;
				GCC_WARN_UNDECLARED_SELECTOR = YES;
				GCC_WARN_UNINITIALIZED_AUTOS = YES_AGGRESSIVE;
				GCC_WARN_UNUSED_FUNCTION = YES;
				GCC_WARN_UNUSED_VARIABLE = YES;
				IPHONEOS_DEPLOYMENT_TARGET = 10.0;
				MTL_ENABLE_DEBUG_INFO = YES;
				ONLY_ACTIVE_ARCH = YES;
				SDKROOT = iphoneos;
			};
			name = Debug;
		};
		1F19A79E1D00A9DF00177D67 /* Release */ = {
			isa = XCBuildConfiguration;
			buildSettings = {
				ALWAYS_SEARCH_USER_PATHS = NO;
				CLANG_ANALYZER_NONNULL = YES;
				CLANG_CXX_LANGUAGE_STANDARD = "gnu++0x";
				CLANG_CXX_LIBRARY = "libc++";
				CLANG_ENABLE_MODULES = YES;
				CLANG_ENABLE_OBJC_ARC = YES;
				CLANG_WARN_BOOL_CONVERSION = YES;
				CLANG_WARN_CONSTANT_CONVERSION = YES;
				CLANG_WARN_DIRECT_OBJC_ISA_USAGE = YES_ERROR;
				CLANG_WARN_EMPTY_BODY = YES;
				CLANG_WARN_ENUM_CONVERSION = YES;
				CLANG_WARN_INT_CONVERSION = YES;
				CLANG_WARN_OBJC_ROOT_CLASS = YES_ERROR;
				CLANG_WARN_UNREACHABLE_CODE = YES;
				CLANG_WARN__DUPLICATE_METHOD_MATCH = YES;
				"CODE_SIGN_IDENTITY[sdk=iphoneos*]" = "iPhone Developer";
				COPY_PHASE_STRIP = NO;
				DEBUG_INFORMATION_FORMAT = "dwarf-with-dsym";
				ENABLE_NS_ASSERTIONS = NO;
				ENABLE_STRICT_OBJC_MSGSEND = YES;
				GCC_C_LANGUAGE_STANDARD = gnu99;
				GCC_NO_COMMON_BLOCKS = YES;
				GCC_WARN_64_TO_32_BIT_CONVERSION = YES;
				GCC_WARN_ABOUT_RETURN_TYPE = YES_ERROR;
				GCC_WARN_UNDECLARED_SELECTOR = YES;
				GCC_WARN_UNINITIALIZED_AUTOS = YES_AGGRESSIVE;
				GCC_WARN_UNUSED_FUNCTION = YES;
				GCC_WARN_UNUSED_VARIABLE = YES;
				IPHONEOS_DEPLOYMENT_TARGET = 10.0;
				MTL_ENABLE_DEBUG_INFO = NO;
				SDKROOT = iphoneos;
				VALIDATE_PRODUCT = YES;
			};
			name = Release;
		};
		1F19A7A01D00A9DF00177D67 /* Debug */ = {
			isa = XCBuildConfiguration;
			buildSettings = {
				ASSETCATALOG_COMPILER_APPICON_NAME = AppIcon;
				"CODE_SIGN_IDENTITY[sdk=iphoneos*]" = "iPhone Developer";
				DEVELOPMENT_TEAM = "";
				ENABLE_BITCODE = NO;
				FRAMEWORK_SEARCH_PATHS = (
					"$(inherited)",
					"$(PROJECT_DIR)/OnDemandPassenger",
					"$(PROJECT_DIR)",
				);
				GCC_PREFIX_HEADER = "";
				GCC_PREPROCESSOR_DEFINITIONS = (
					"DEBUG=1",
					"$(inherited)",
				);
				INFOPLIST_FILE = OnDemandPassenger/Info.plist;
				IPHONEOS_DEPLOYMENT_TARGET = 10.0;
				LD_RUNPATH_SEARCH_PATHS = "$(inherited) @executable_path/Frameworks";
				OTHER_LDFLAGS = "-ObjC";
				PRODUCT_BUNDLE_IDENTIFIER = com.here.OnDemandPassenger;
				PRODUCT_NAME = "$(TARGET_NAME)";
				PROVISIONING_PROFILE_SPECIFIER = "";
			};
			name = Debug;
		};
		1F19A7A11D00A9DF00177D67 /* Release */ = {
			isa = XCBuildConfiguration;
			buildSettings = {
				ASSETCATALOG_COMPILER_APPICON_NAME = AppIcon;
				"CODE_SIGN_IDENTITY[sdk=iphoneos*]" = "iPhone Developer";
				DEVELOPMENT_TEAM = "";
				ENABLE_BITCODE = NO;
				FRAMEWORK_SEARCH_PATHS = (
					"$(inherited)",
					"$(PROJECT_DIR)/OnDemandPassenger",
					"$(PROJECT_DIR)",
				);
				GCC_PREFIX_HEADER = "";
				INFOPLIST_FILE = OnDemandPassenger/Info.plist;
				IPHONEOS_DEPLOYMENT_TARGET = 10.0;
				LD_RUNPATH_SEARCH_PATHS = "$(inherited) @executable_path/Frameworks";
				OTHER_LDFLAGS = "-ObjC";
				PRODUCT_BUNDLE_IDENTIFIER = com.here.OnDemandPassenger;
				PRODUCT_NAME = "$(TARGET_NAME)";
				PROVISIONING_PROFILE_SPECIFIER = "";
			};
			name = Release;
		};
/* End XCBuildConfiguration section */

/* Begin XCConfigurationList section */
		1C07D1681EA8E034002E88D6 /* Build configuration list for PBXNativeTarget "OnDemandPassengerTests" */ = {
			isa = XCConfigurationList;
			buildConfigurations = (
				1C07D1661EA8E034002E88D6 /* Debug */,
				1C07D1671EA8E034002E88D6 /* Release */,
			);
			defaultConfigurationIsVisible = 0;
			defaultConfigurationName = Release;
		};
		1F19A7831D00A9DE00177D67 /* Build configuration list for PBXProject "OnDemandPassenger" */ = {
			isa = XCConfigurationList;
			buildConfigurations = (
				1F19A79D1D00A9DF00177D67 /* Debug */,
				1F19A79E1D00A9DF00177D67 /* Release */,
			);
			defaultConfigurationIsVisible = 0;
			defaultConfigurationName = Release;
		};
		1F19A79F1D00A9DF00177D67 /* Build configuration list for PBXNativeTarget "OnDemandPassenger" */ = {
			isa = XCConfigurationList;
			buildConfigurations = (
				1F19A7A01D00A9DF00177D67 /* Debug */,
				1F19A7A11D00A9DF00177D67 /* Release */,
			);
			defaultConfigurationIsVisible = 0;
			defaultConfigurationName = Release;
		};
/* End XCConfigurationList section */
	};
	rootObject = 1F19A7801D00A9DE00177D67 /* Project object */;
}
